Microsoft Visual Studio Solution File, Format Version 11.00
# Visual Studio 2008

Project("{20AF0DED-198C-3CF4-7E4E-80114384B971}") = "LevelDesigns", "Assembly-CSharp-firstpass.csproj", "{9650B61A-F1E3-3421-7D57-EAB4A386B9CA}"
EndProject
Project("{20AF0DED-198C-3CF4-7E4E-80114384B971}") = "LevelDesigns", "Assembly-CSharp.csproj", "{43686CB0-BDC7-78D6-B0DE-2FF28A75E792}"
EndProject
Project("{20AF0DED-198C-3CF4-7E4E-80114384B971}") = "LevelDesigns", "Assembly-CSharp-Editor.csproj", "{0C6361C8-3814-5F03-6565-D9E9DCC3B890}"
EndProject
Global
	GlobalSection(SolutionConfigurationPlatforms) = preSolution
		Debug|Any CPU = Debug|Any CPU
		Release|Any CPU = Release|Any CPU
	EndGlobalSection
	GlobalSection(ProjectConfigurationPlatforms) = postSolution
		{9650B61A-F1E3-3421-7D57-EAB4A386B9CA}.Debug|Any CPU.ActiveCfg = Debug|Any CPU
		{9650B61A-F1E3-3421-7D57-EAB4A386B9CA}.Debug|Any CPU.Build.0 = Debug|Any CPU
		{9650B61A-F1E3-3421-7D57-EAB4A386B9CA}.Release|Any CPU.ActiveCfg = Release|Any CPU
		{9650B61A-F1E3-3421-7D57-EAB4A386B9CA}.Release|Any CPU.Build.0 = Release|Any CPU
		{43686CB0-BDC7-78D6-B0DE-2FF28A75E792}.Debug|Any CPU.ActiveCfg = Debug|Any CPU
		{43686CB0-BDC7-78D6-B0DE-2FF28A75E792}.Debug|Any CPU.Build.0 = Debug|Any CPU
		{43686CB0-BDC7-78D6-B0DE-2FF28A75E792}.Release|Any CPU.ActiveCfg = Release|Any CPU
		{43686CB0-BDC7-78D6-B0DE-2FF28A75E792}.Release|Any CPU.Build.0 = Release|Any CPU
		{0C6361C8-3814-5F03-6565-D9E9DCC3B890}.Debug|Any CPU.ActiveCfg = Debug|Any CPU
		{0C6361C8-3814-5F03-6565-D9E9DCC3B890}.Debug|Any CPU.Build.0 = Debug|Any CPU
		{0C6361C8-3814-5F03-6565-D9E9DCC3B890}.Release|Any CPU.ActiveCfg = Release|Any CPU
		{0C6361C8-3814-5F03-6565-D9E9DCC3B890}.Release|Any CPU.Build.0 = Release|Any CPU
	EndGlobalSection
	GlobalSection(SolutionProperties) = preSolution
		HideSolutionNode = FALSE
	EndGlobalSection
																																																																																								GlobalSection(MonoDevelopProperties) = preSolution
		StartupItem = Assembly-CSharp.csproj
		Policies = $0
		$0.TextStylePolicy = $1
		$1.inheritsSet = null
		$1.scope = text/x-csharp
		$0.CSharpFormattingPolicy = $2
		$2.inheritsSet = Mono
		$2.inheritsScope = text/x-csharp
		$2.scope = text/x-csharp
		$0.TextStylePolicy = $3
		$3.FileWidth = 120
		$3.TabWidth = 4
		$3.EolMarker = Unix
		$3.inheritsSet = Mono
		$3.inheritsScope = text/plain
		$3.scope = text/plain
	EndGlobalSection

EndGlobal
